PODS:
  - AFNetworking/NSURLSession (3.2.0):
    - AFNetworking/Reachability
    - AFNetworking/Security
    - AFNetworking/Serialization
  - AFNetworking/Reachability (3.2.0)
  - AFNetworking/Security (3.2.0)
  - AFNetworking/Serialization (3.2.0)
  - MJWebService (0.1.19):
    - AFNetworking/NSURLSession (~> 3)
    - ModuleCapability (~> 0.1)
  - ModuleCapability (0.1.7)

DEPENDENCIES:
  - MJWebService (from `../`)

EXTERNAL SOURCES:
  MJWebService:
    :path: ../

SPEC CHECKSUMS:
  AFNetworking: 8ac6017b94ea105479f7776e5288e48ae9c59bb4
  MJWebService: c73c3d470ac714cbff319cfec5ef43e14732d785
  ModuleCapability: c9d20a2f6070d9315531a94d51b1551a070662b6

PODFILE CHECKSUM: de4edb5db381158ef9eaed666d0cfe0ee41ae7b3

COCOAPODS: 1.4.0
